
Microsoft Visual Studio Solution File, Format Version 12.00
# Visual Studio Version 17
VisualStudioVersion = 17.6.33717.318
MinimumVisualStudioVersion = 10.0.40219.1
Project("{9A19103F-16F7-4668-BE54-9A1E7A4F7556}") = "WebAPI912", "WebAPI912\WebAPI912.csproj", "{A1467737-00B5-43CB-986C-9258BE00D885}"
EndProject
Project("{FAE04EC0-301F-11D3-BF4B-00C04F79EFBC}") = "DataAccess", "DataAccess\DataAccess.csproj", "{2729627E-3723-4F49-B20F-F1FADA4BE2D5}"
EndProject
Global
	GlobalSection(SolutionConfigurationPlatforms) = preSolution
		Debug|Any CPU = Debug|Any CPU
		Release|Any CPU = Release|Any CPU
	EndGlobalSection
	GlobalSection(ProjectConfigurationPlatforms) = postSolution
		{A1467737-00B5-43CB-986C-9258BE00D885}.Debug|Any CPU.ActiveCfg = Debug|Any CPU
		{A1467737-00B5-43CB-986C-9258BE00D885}.Debug|Any CPU.Build.0 = Debug|Any CPU
		{A1467737-00B5-43CB-986C-9258BE00D885}.Release|Any CPU.ActiveCfg = Release|Any CPU
		{A1467737-00B5-43CB-986C-9258BE00D885}.Release|Any CPU.Build.0 = Release|Any CPU
		{2729627E-3723-4F49-B20F-F1FADA4BE2D5}.Debug|Any CPU.ActiveCfg = Debug|Any CPU
		{2729627E-3723-4F49-B20F-F1FADA4BE2D5}.Debug|Any CPU.Build.0 = Debug|Any CPU
		{2729627E-3723-4F49-B20F-F1FADA4BE2D5}.Release|Any CPU.ActiveCfg = Release|Any CPU
		{2729627E-3723-4F49-B20F-F1FADA4BE2D5}.Release|Any CPU.Build.0 = Release|Any CPU
	EndGlobalSection
	GlobalSection(SolutionProperties) = preSolution
		HideSolutionNode = FALSE
	EndGlobalSection
	GlobalSection(ExtensibilityGlobals) = postSolution
		SolutionGuid = {0A6CD218-D380-45E1-BE1E-6DE54B153EE2}
	EndGlobalSection
EndGlobal
